golang.org/x/crypto v0.1.0 h1:MDRAIl0xIo9Io2xV565hzXHw3zVseKrJKodhohM5CjU=
golang.org/x/crypto v0.1.0/go.mod h1:RecgLatLF4+eUMCP1PoPZQb+cVrJcOPbHkTkbkB9sbw=
golang.org/x/net v0.7.0 h1:rJrUqqhjsgNp7KqAIc25s9pZnjU7TUcSY7HcVZjdn1g=
golang.org/x/net v0.7.0/go.mod h1:2Tu9+aMcznHK/AK1HMvgo6xiTLG5rD5rZLDS+rp2Bjs=
golang.org/x/text v0.7.0 h1:4BRB4x83lYWy72KwLD/qYDuTu7q9PjSagHvijDw7cLo=
golang.org/x/text v0.7.0/go.mod h1:mrYo+phRRbMaCq/xk9113O4dZlRixOauAjOtrjsXDZ8=
vimagination.zapto.org/byteio v1.0.1 h1:p22ga+TiTKQcHELUzSZIdWtfckv8C4GlKVIYo46AFqk=
vimagination.zapto.org/byteio v1.0.1/go.mod h1:/cW+WW89mJiuXV8qy34hxPInzIiq6TW4DEE9GFrp/gI=
vimagination.zapto.org/form v1.1.0 h1:9J7f8CpJhDr5+6Ar2SUbv0YTiekaohB+F3W4V+jRKTY=
vimagination.zapto.org/form v1.1.0/go.mod h1:8h9s+F3k5O3a1xr4f4IlZlxPWZvKrUyeiiBsIoXfh+Y=
vimagination.zapto.org/httpembed v1.0.4 h1:0dvruUjXzdwWXCv70ZS2ef4ojOLuj6W9Unnx2eSB1lo=
vimagination.zapto.org/httpembed v1.0.4/go.mod h1:KisxwMttkPHTWI3yvzBOr5wJy6s157L+yD0xpCauDqM=
vimagination.zapto.org/httpencoding v1.0.0 h1:sSibnPq1pKROK4IBTNNCAKRPCijIZAaMQUBf/Mn5GA0=
vimagination.zapto.org/httpencoding v1.0.0/go.mod h1:J2hxhPn3VjWestQQ036OYpDwwerfvIHmbtmTqpKVe0w=
vimagination.zapto.org/httpgzip v1.0.0 h1:MWO7vEnU0qyDZ4YOS+OAXjUmIeZP7uggW6fNd7OOjd4=
vimagination.zapto.org/httpgzip v1.0.0/go.mod h1:4/pyxYYHgAgP4V0u+lbqbvKiM+XlQdSkiSxty0EJl2I=
vimagination.zapto.org/jsonrpc v1.0.0 h1:4+0vmKCGGHKQv6/3W9q7rkxZ7myig7LCIqJwgok9pOY=
vimagination.zapto.org/jsonrpc v1.0.0/go.mod h1:CEbi2Dg3ZtGWqEzqfj9HG/7XIuOxRoSBzeqVz2iLG5E=
vimagination.zapto.org/memio v1.0.0 h1:r0GDf430aNuGpOAV57UTvbUzAf82UclRyGG/pBp1uvU=
vimagination.zapto.org/memio v1.0.0/go.mod h1:zHGDKp2tyvF4IAfLti4pKYqCJucXYmmKMb3UMrCHK/4=
