vimagination.zapto.org/byteio v1.0.0 h1:IJV99bOUATR0Djs7zEjJfGODm3VB+wRnocoxpWlKvo8=
vimagination.zapto.org/byteio v1.0.0/go.mod h1:l8m3xQOVMUWs7Sjbd3s+yWt7JIoSBc/35Hxm1F/QiAw=
vimagination.zapto.org/memio v0.0.0-20200222190306-588ebc67b97d/go.mod h1:zHGDKp2tyvF4IAfLti4pKYqCJucXYmmKMb3UMrCHK/4=
vimagination.zapto.org/memio v1.0.0 h1:r0GDf430aNuGpOAV57UTvbUzAf82UclRyGG/pBp1uvU=
vimagination.zapto.org/memio v1.0.0/go.mod h1:zHGDKp2tyvF4IAfLti4pKYqCJucXYmmKMb3UMrCHK/4=
