golang.org/x/crypto v0.17.0 h1:r8bRNjWL3GshPW3gkd+RpvzWrZAwPS49OmTGZ/uhM4k=
golang.org/x/crypto v0.17.0/go.mod h1:gCAAfMLgwOJRpTjQ2zCCt2OcSfYMTeZVSRtQlPC7Nq4=
golang.org/x/net v0.17.0 h1:pVaXccu2ozPjCXewfr1S7xza/zcXTity9cCdXQYSjIM=
golang.org/x/net v0.17.0/go.mod h1:NxSsAGuq816PNPmqtQdLE42eU2Fs7NoRIZrHJAlaCOE=
golang.org/x/text v0.14.0 h1:ScX5w1eTa3QqT8oi6+ziP7dTV1S2+ALU0bI+0zXKWiQ=
golang.org/x/text v0.14.0/go.mod h1:18ZOQIKpY8NJVqYksKHtTdi31H5itFRjB5/qKTNYzSU=
vimagination.zapto.org/byteio v1.0.1 h1:p22ga+TiTKQcHELUzSZIdWtfckv8C4GlKVIYo46AFqk=
vimagination.zapto.org/byteio v1.0.1/go.mod h1:/cW+WW89mJiuXV8qy34hxPInzIiq6TW4DEE9GFrp/gI=
vimagination.zapto.org/form v1.1.0 h1:9J7f8CpJhDr5+6Ar2SUbv0YTiekaohB+F3W4V+jRKTY=
vimagination.zapto.org/form v1.1.0/go.mod h1:8h9s+F3k5O3a1xr4f4IlZlxPWZvKrUyeiiBsIoXfh+Y=
vimagination.zapto.org/httpembed v1.1.0 h1:kSYES99iIJbykuGdqWWVqLH3wugx9MbZp7jRu3Udk3w=
vimagination.zapto.org/httpembed v1.1.0/go.mod h1:KisxwMttkPHTWI3yvzBOr5wJy6s157L+yD0xpCauDqM=
vimagination.zapto.org/httpencoding v1.0.0 h1:sSibnPq1pKROK4IBTNNCAKRPCijIZAaMQUBf/Mn5GA0=
vimagination.zapto.org/httpencoding v1.0.0/go.mod h1:J2hxhPn3VjWestQQ036OYpDwwerfvIHmbtmTqpKVe0w=
vimagination.zapto.org/httpgzip v1.0.0 h1:MWO7vEnU0qyDZ4YOS+OAXjUmIeZP7uggW6fNd7OOjd4=
vimagination.zapto.org/httpgzip v1.0.0/go.mod h1:4/pyxYYHgAgP4V0u+lbqbvKiM+XlQdSkiSxty0EJl2I=
vimagination.zapto.org/jsonrpc v1.0.0 h1:4+0vmKCGGHKQv6/3W9q7rkxZ7myig7LCIqJwgok9pOY=
vimagination.zapto.org/jsonrpc v1.0.0/go.mod h1:CEbi2Dg3ZtGWqEzqfj9HG/7XIuOxRoSBzeqVz2iLG5E=
vimagination.zapto.org/memio v1.0.0 h1:r0GDf430aNuGpOAV57UTvbUzAf82UclRyGG/pBp1uvU=
vimagination.zapto.org/memio v1.0.0/go.mod h1:zHGDKp2tyvF4IAfLti4pKYqCJucXYmmKMb3UMrCHK/4=
